// !$*UTF8*$!
{
	archiveVersion = 1;
	classes = {
	};
	objectVersion = 51;
	objects = {

/* Begin PBXBuildFile section */
		102BDF240E2BCC84C3E22926 /* Pods_Instagram.framework in Frameworks */ = {isa = PBXBuildFile; fileRef = D83671411919FA232B53917A /* Pods_Instagram.framework */; };
		FA678E1125A09DBC0074658E /* AppDelegate.swift in Sources */ = {isa = PBXBuildFile; fileRef = FA678E1025A09DBC0074658E /* AppDelegate.swift */; };
		FA678E1325A09DBC0074658E /* SceneDelegate.swift in Sources */ = {isa = PBXBuildFile; fileRef = FA678E1225A09DBC0074658E /* SceneDelegate.swift */; };
		FA678E1825A09DBC0074658E /* Main.storyboard in Resources */ = {isa = PBXBuildFile; fileRef = FA678E1625A09DBC0074658E /* Main.storyboard */; };
		FA678E1A25A09DBE0074658E /* Assets.xcassets in Resources */ = {isa = PBXBuildFile; fileRef = FA678E1925A09DBE0074658E /* Assets.xcassets */; };
		FA678E1D25A09DBE0074658E /* LaunchScreen.storyboard in Resources */ = {isa = PBXBuildFile; fileRef = FA678E1B25A09DBE0074658E /* LaunchScreen.storyboard */; };
		FA678E2525A09E3A0074658E /* LoginViewController.swift in Sources */ = {isa = PBXBuildFile; fileRef = FA678E2425A09E3A0074658E /* LoginViewController.swift */; };
		FA678E2725A09E540074658E /* HomeViewController.swift in Sources */ = {isa = PBXBuildFile; fileRef = FA678E2625A09E540074658E /* HomeViewController.swift */; };
		FA678E2925A09E650074658E /* ImageSelectViewController.swift in Sources */ = {isa = PBXBuildFile; fileRef = FA678E2825A09E650074658E /* ImageSelectViewController.swift */; };
		FA678E2B25A09E770074658E /* PostViewController.swift in Sources */ = {isa = PBXBuildFile; fileRef = FA678E2A25A09E770074658E /* PostViewController.swift */; };
		FA678E2D25A09E870074658E /* SettingViewController.swift in Sources */ = {isa = PBXBuildFile; fileRef = FA678E2C25A09E870074658E /* SettingViewController.swift */; };
		FA678E2F25A0A1490074658E /* TabBarController.swift in Sources */ = {isa = PBXBuildFile; fileRef = FA678E2E25A0A1490074658E /* TabBarController.swift */; };
		FA678E3125A0A4230074658E /* GoogleService-Info.plist in Resources */ = {isa = PBXBuildFile; fileRef = FA678E3025A0A4220074658E /* GoogleService-Info.plist */; };
		FAD339BB25A1A24C003D8D10 /* Const.swift in Sources */ = {isa = PBXBuildFile; fileRef = FAD339BA25A1A24C003D8D10 /* Const.swift */; };
		FAD339BD25A1A8C2003D8D10 /* PostData.swift in Sources */ = {isa = PBXBuildFile; fileRef = FAD339BC25A1A8C2003D8D10 /* PostData.swift */; };
		FAD339C025A1AB89003D8D10 /* PostTableViewCell.swift in Sources */ = {isa = PBXBuildFile; fileRef = FAD339BE25A1AB89003D8D10 /* PostTableViewCell.swift */; };
		FAD339C125A1AB89003D8D10 /* PostTableViewCell.xib in Resources */ = {isa = PBXBuildFile; fileRef = FAD339BF25A1AB89003D8D10 /* PostTableViewCell.xib */; };
		FAD339C525A3E6CF003D8D10 /* CommentViewController.swift in Sources */ = {isa = PBXBuildFile; fileRef = FAD339C425A3E6CF003D8D10 /* CommentViewController.swift */; };
/* End PBXBuildFile section */

/* Begin PBXFileReference section */
		3B72C2CEA049F2AF0C196336 /* Pods-Instagram.debug.xcconfig */ = {isa = PBXFileReference; includeInIndex = 1; lastKnownFileType = text.xcconfig; name = "Pods-Instagram.debug.xcconfig"; path = "Target Support Files/Pods-Instagram/Pods-Instagram.debug.xcconfig"; sourceTree = "<group>"; };
		B2686C2EBD69AB7DD07CD3AA /* Pods-Instagram.release.xcconfig */ = {isa = PBXFileReference; includeInIndex = 1; lastKnownFileType = text.xcconfig; name = "Pods-Instagram.release.xcconfig"; path = "Target Support Files/Pods-Instagram/Pods-Instagram.release.xcconfig"; sourceTree = "<group>"; };
		D83671411919FA232B53917A /* Pods_Instagram.framework */ = {isa = PBXFileReference; explicitFileType = wrapper.framework; includeInIndex = 0; path = Pods_Instagram.framework; sourceTree = BUILT_PRODUCTS_DIR; };
		FA678E0D25A09DBC0074658E /* Instagram.app */ = {isa = PBXFileReference; explicitFileType = wrapper.application; includeInIndex = 0; path = Instagram.app; sourceTree = BUILT_PRODUCTS_DIR; };
		FA678E1025A09DBC0074658E /* AppDelegate.swift */ = {isa = PBXFileReference; lastKnownFileType = sourcecode.swift; path = AppDelegate.swift; sourceTree = "<group>"; };
		FA678E1225A09DBC0074658E /* SceneDelegate.swift */ = {isa = PBXFileReference; lastKnownFileType = sourcecode.swift; path = SceneDelegate.swift; sourceTree = "<group>"; };
		FA678E1725A09DBC0074658E /* Base */ = {isa = PBXFileReference; lastKnownFileType = file.storyboard; name = Base; path = Base.lproj/Main.storyboard; sourceTree = "<group>"; };
		FA678E1925A09DBE0074658E /* Assets.xcassets */ = {isa = PBXFileReference; lastKnownFileType = folder.assetcatalog; path = Assets.xcassets; sourceTree = "<group>"; };
		FA678E1C25A09DBE0074658E /* Base */ = {isa = PBXFileReference; lastKnownFileType = file.storyboard; name = Base; path = Base.lproj/LaunchScreen.storyboard; sourceTree = "<group>"; };
		FA678E1E25A09DBE0074658E /* Info.plist */ = {isa = PBXFileReference; lastKnownFileType = text.plist.xml; path = Info.plist; sourceTree = "<group>"; };
		FA678E2425A09E3A0074658E /* LoginViewController.swift */ = {isa = PBXFileReference; lastKnownFileType = sourcecode.swift; path = LoginViewController.swift; sourceTree = "<group>"; };
		FA678E2625A09E540074658E /* HomeViewController.swift */ = {isa = PBXFileReference; lastKnownFileType = sourcecode.swift; path = HomeViewController.swift; sourceTree = "<group>"; };
		FA678E2825A09E650074658E /* ImageSelectViewController.swift */ = {isa = PBXFileReference; lastKnownFileType = sourcecode.swift; path = ImageSelectViewController.swift; sourceTree = "<group>"; };
		FA678E2A25A09E770074658E /* PostViewController.swift */ = {isa = PBXFileReference; lastKnownFileType = sourcecode.swift; path = PostViewController.swift; sourceTree = "<group>"; };
		FA678E2C25A09E870074658E /* SettingViewController.swift */ = {isa = PBXFileReference; lastKnownFileType = sourcecode.swift; path = SettingViewController.swift; sourceTree = "<group>"; };
		FA678E2E25A0A1490074658E /* TabBarController.swift */ = {isa = PBXFileReference; lastKnownFileType = sourcecode.swift; path = TabBarController.swift; sourceTree = "<group>"; };
		FA678E3025A0A4220074658E /* GoogleService-Info.plist */ = {isa = PBXFileReference; fileEncoding = 4; lastKnownFileType = text.plist.xml; path = "GoogleService-Info.plist"; sourceTree = "<group>"; };
		FAD339BA25A1A24C003D8D10 /* Const.swift */ = {isa = PBXFileReference; lastKnownFileType = sourcecode.swift; path = Const.swift; sourceTree = "<group>"; };
		FAD339BC25A1A8C2003D8D10 /* PostData.swift */ = {isa = PBXFileReference; lastKnownFileType = sourcecode.swift; path = PostData.swift; sourceTree = "<group>"; };
		FAD339BE25A1AB89003D8D10 /* PostTableViewCell.swift */ = {isa = PBXFileReference; lastKnownFileType = sourcecode.swift; path = PostTableViewCell.swift; sourceTree = "<group>"; };
		FAD339BF25A1AB89003D8D10 /* PostTableViewCell.xib */ = {isa = PBXFileReference; lastKnownFileType = file.xib; path = PostTableViewCell.xib; sourceTree = "<group>"; };
		FAD339C425A3E6CF003D8D10 /* CommentViewController.swift */ = {isa = PBXFileReference; lastKnownFileType = sourcecode.swift; path = CommentViewController.swift; sourceTree = "<group>"; };
/* End PBXFileReference section */

/* Begin PBXFrameworksBuildPhase section */
		FA678E0A25A09DBC0074658E /* Frameworks */ = {
			isa = PBXFrameworksBuildPhase;
			buildActionMask = 2147483647;
			files = (
				102BDF240E2BCC84C3E22926 /* Pods_Instagram.framework in Frameworks */,
			);
			runOnlyForDeploymentPostprocessing = 0;
		};
/* End PBXFrameworksBuildPhase section */

/* Begin PBXGroup section */
		1C22ED668C2E07C1BD4AB8A8 /* Frameworks */ = {
			isa = PBXGroup;
			children = (
				D83671411919FA232B53917A /* Pods_Instagram.framework */,
			);
			name = Frameworks;
			sourceTree = "<group>";
		};
		4E49AE82A413EB791AF13406 /* Pods */ = {
			isa = PBXGroup;
			children = (
				3B72C2CEA049F2AF0C196336 /* Pods-Instagram.debug.xcconfig */,
				B2686C2EBD69AB7DD07CD3AA /* Pods-Instagram.release.xcconfig */,
			);
			path = Pods;
			sourceTree = "<group>";
		};
		FA678E0425A09DBC0074658E = {
			isa = PBXGroup;
			children = (
				FA678E0F25A09DBC0074658E /* Instagram */,
				FA678E0E25A09DBC0074658E /* Products */,
				4E49AE82A413EB791AF13406 /* Pods */,
				1C22ED668C2E07C1BD4AB8A8 /* Frameworks */,
			);
			sourceTree = "<group>";
		};
		FA678E0E25A09DBC0074658E /* Products */ = {
			isa = PBXGroup;
			children = (
				FA678E0D25A09DBC0074658E /* Instagram.app */,
			);
			name = Products;
			sourceTree = "<group>";
		};
		FA678E0F25A09DBC0074658E /* Instagram */ = {
			isa = PBXGroup;
			children = (
				FA678E1025A09DBC0074658E /* AppDelegate.swift */,
				FA678E1225A09DBC0074658E /* SceneDelegate.swift */,
				FA678E2425A09E3A0074658E /* LoginViewController.swift */,
				FA678E2625A09E540074658E /* HomeViewController.swift */,
				FA678E2825A09E650074658E /* ImageSelectViewController.swift */,
				FA678E2A25A09E770074658E /* PostViewController.swift */,
				FA678E2C25A09E870074658E /* SettingViewController.swift */,
				FA678E2E25A0A1490074658E /* TabBarController.swift */,
				FAD339BE25A1AB89003D8D10 /* PostTableViewCell.swift */,
				FAD339BF25A1AB89003D8D10 /* PostTableViewCell.xib */,
				FAD339BA25A1A24C003D8D10 /* Const.swift */,
				FAD339BC25A1A8C2003D8D10 /* PostData.swift */,
				FAD339C425A3E6CF003D8D10 /* CommentViewController.swift */,
				FA678E1625A09DBC0074658E /* Main.storyboard */,
				FA678E1925A09DBE0074658E /* Assets.xcassets */,
				FA678E1B25A09DBE0074658E /* LaunchScreen.storyboard */,
				FA678E1E25A09DBE0074658E /* Info.plist */,
				FA678E3025A0A4220074658E /* GoogleService-Info.plist */,
			);
			path = Instagram;
			sourceTree = "<group>";
		};
/* End PBXGroup section */

/* Begin PBXNativeTarget section */
		FA678E0C25A09DBC0074658E /* Instagram */ = {
			isa = PBXNativeTarget;
			buildConfigurationList = FA678E2125A09DBE0074658E /* Build configuration list for PBXNativeTarget "Instagram" */;
			buildPhases = (
				3836E2E8D215772F89A94FBD /* [CP] Check Pods Manifest.lock */,
				FA678E0925A09DBC0074658E /* Sources */,
				FA678E0A25A09DBC0074658E /* Frameworks */,
				FA678E0B25A09DBC0074658E /* Resources */,
				B63257DB4DB6302FDBAB7E2A /* [CP] Embed Pods Frameworks */,
			);
			buildRules = (
			);
			dependencies = (
			);
			name = Instagram;
			productName = Instagram;
			productReference = FA678E0D25A09DBC0074658E /* Instagram.app */;
			productType = "com.apple.product-type.application";
		};
/* End PBXNativeTarget section */

/* Begin PBXProject section */
		FA678E0525A09DBC0074658E /* Project object */ = {
			isa = PBXProject;
			attributes = {
				LastSwiftUpdateCheck = 1150;
				LastUpgradeCheck = 1150;
				ORGANIZATIONNAME = Norihiro.Nakano;
				TargetAttributes = {
					FA678E0C25A09DBC0074658E = {
						CreatedOnToolsVersion = 11.5;
					};
				};
			};
			buildConfigurationList = FA678E0825A09DBC0074658E /* Build configuration list for PBXProject "Instagram" */;
			compatibilityVersion = "Xcode 9.3";
			developmentRegion = en;
			hasScannedForEncodings = 0;
			knownRegions = (
				en,
				Base,
			);
			mainGroup = FA678E0425A09DBC0074658E;
			productRefGroup = FA678E0E25A09DBC0074658E /* Products */;
			projectDirPath = "";
			projectRoot = "";
			targets = (
				FA678E0C25A09DBC0074658E /* Instagram */,
			);
		};
/* End PBXProject section */

/* Begin PBXResourcesBuildPhase section */
		FA678E0B25A09DBC0074658E /* Resources */ = {
			isa = PBXResourcesBuildPhase;
			buildActionMask = 2147483647;
			files = (
				FA678E1D25A09DBE0074658E /* LaunchScreen.storyboard in Resources */,
				FAD339C125A1AB89003D8D10 /* PostTableViewCell.xib in Resources */,
				FA678E3125A0A4230074658E /* GoogleService-Info.plist in Resources */,
				FA678E1A25A09DBE0074658E /* Assets.xcassets in Resources */,
				FA678E1825A09DBC0074658E /* Main.storyboard in Resources */,
			);
			runOnlyForDeploymentPostprocessing = 0;
		};
/* End PBXResourcesBuildPhase section */

/* Begin PBXShellScriptBuildPhase section */
		3836E2E8D215772F89A94FBD /* [CP] Check Pods Manifest.lock */ = {
			isa = PBXShellScriptBuildPhase;
			buildActionMask = 2147483647;
			files = (
			);
			inputFileListPaths = (
			);
			inputPaths = (
				"${PODS_PODFILE_DIR_PATH}/Podfile.lock",
				"${PODS_ROOT}/Manifest.lock",
			);
			name = "[CP] Check Pods Manifest.lock";
			outputFileListPaths = (
			);
			outputPaths = (
				"$(DERIVED_FILE_DIR)/Pods-Instagram-checkManifestLockResult.txt",
			);
			runOnlyForDeploymentPostprocessing = 0;
			shellPath = /bin/sh;
			shellScript = "diff \"${PODS_PODFILE_DIR_PATH}/Podfile.lock\" \"${PODS_ROOT}/Manifest.lock\" > /dev/null\nif [ $? != 0 ] ; then\n    # print error to STDERR\n    echo \"error: The sandbox is not in sync with the Podfile.lock. Run 'pod install' or update your CocoaPods installation.\" >&2\n    exit 1\nfi\n# This output is used by Xcode 'outputs' to avoid re-running this script phase.\necho \"SUCCESS\" > \"${SCRIPT_OUTPUT_FILE_0}\"\n";
			showEnvVarsInLog = 0;
		};
		B63257DB4DB6302FDBAB7E2A /* [CP] Embed Pods Frameworks */ = {
			isa = PBXShellScriptBuildPhase;
			buildActionMask = 2147483647;
			files = (
			);
			inputFileListPaths = (
				"${PODS_ROOT}/Target Support Files/Pods-Instagram/Pods-Instagram-frameworks-${CONFIGURATION}-input-files.xcfilelist",
			);
			name = "[CP] Embed Pods Frameworks";
			outputFileListPaths = (
				"${PODS_ROOT}/Target Support Files/Pods-Instagram/Pods-Instagram-frameworks-${CONFIGURATION}-output-files.xcfilelist",
			);
			runOnlyForDeploymentPostprocessing = 0;
			shellPath = /bin/sh;
			shellScript = "\"${PODS_ROOT}/Target Support Files/Pods-Instagram/Pods-Instagram-frameworks.sh\"\n";
			showEnvVarsInLog = 0;
		};
/* End PBXShellScriptBuildPhase section */

/* Begin PBXSourcesBuildPhase section */
		FA678E0925A09DBC0074658E /* Sources */ = {
			isa = PBXSourcesBuildPhase;
			buildActionMask = 2147483647;
			files = (
				FAD339C025A1AB89003D8D10 /* PostTableViewCell.swift in Sources */,
				FA678E2925A09E650074658E /* ImageSelectViewController.swift in Sources */,
				FA678E2F25A0A1490074658E /* TabBarController.swift in Sources */,
				FA678E2725A09E540074658E /* HomeViewController.swift in Sources */,
				FA678E2B25A09E770074658E /* PostViewController.swift in Sources */,
				FA678E2D25A09E870074658E /* SettingViewController.swift in Sources */,
				FAD339BD25A1A8C2003D8D10 /* PostData.swift in Sources */,
				FA678E2525A09E3A0074658E /* LoginViewController.swift in Sources */,
				FAD339C525A3E6CF003D8D10 /* CommentViewController.swift in Sources */,
				FA678E1125A09DBC0074658E /* AppDelegate.swift in Sources */,
				FA678E1325A09DBC0074658E /* SceneDelegate.swift in Sources */,
				FAD339BB25A1A24C003D8D10 /* Const.swift in Sources */,
			);
			runOnlyForDeploymentPostprocessing = 0;
		};
/* End PBXSourcesBuildPhase section */

/* Begin PBXVariantGroup section */
		FA678E1625A09DBC0074658E /* Main.storyboard */ = {
			isa = PBXVariantGroup;
			children = (
				FA678E1725A09DBC0074658E /* Base */,
			);
			name = Main.storyboard;
			sourceTree = "<group>";
		};
		FA678E1B25A09DBE0074658E /* LaunchScreen.storyboard */ = {
			isa = PBXVariantGroup;
			children = (
				FA678E1C25A09DBE0074658E /* Base */,
			);
			name = LaunchScreen.storyboard;
			sourceTree = "<group>";
		};
/* End PBXVariantGroup section */

/* Begin XCBuildConfiguration section */
		FA678E1F25A09DBE0074658E /* Debug */ = {
			isa = XCBuildConfiguration;
			buildSettings = {
				ALWAYS_SEARCH_USER_PATHS = NO;
				CLANG_ANALYZER_NONNULL = YES;
				CLANG_ANALYZER_NUMBER_OBJECT_CONVERSION = YES_AGGRESSIVE;
				CLANG_CXX_LANGUAGE_STANDARD = "gnu++14";
				CLANG_CXX_LIBRARY = "libc++";
				CLANG_ENABLE_MODULES = YES;
				CLANG_ENABLE_OBJC_ARC = YES;
				CLANG_ENABLE_OBJC_WEAK = YES;
				CLANG_WARN_BLOCK_CAPTURE_AUTORELEASING = YES;
				CLANG_WARN_BOOL_CONVERSION = YES;
				CLANG_WARN_COMMA = YES;
				CLANG_WARN_CONSTANT_CONVERSION = YES;
				CLANG_WARN_DEPRECATED_OBJC_IMPLEMENTATIONS = YES;
				CLANG_WARN_DIRECT_OBJC_ISA_USAGE = YES_ERROR;
				CLANG_WARN_DOCUMENTATION_COMMENTS = YES;
				CLANG_WARN_EMPTY_BODY = YES;
				CLANG_WARN_ENUM_CONVERSION = YES;
				CLANG_WARN_INFINITE_RECURSION = YES;
				CLANG_WARN_INT_CONVERSION = YES;
				CLANG_WARN_NON_LITERAL_NULL_CONVERSION = YES;
				CLANG_WARN_OBJC_IMPLICIT_RETAIN_SELF = YES;
				CLANG_WARN_OBJC_LITERAL_CONVERSION = YES;
				CLANG_WARN_OBJC_ROOT_CLASS = YES_ERROR;
				CLANG_WARN_RANGE_LOOP_ANALYSIS = YES;
				CLANG_WARN_STRICT_PROTOTYPES = YES;
				CLANG_WARN_SUSPICIOUS_MOVE = YES;
				CLANG_WARN_UNGUARDED_AVAILABILITY = YES_AGGRESSIVE;
				CLANG_WARN_UNREACHABLE_CODE = YES;
				CLANG_WARN__DUPLICATE_METHOD_MATCH = YES;
				COPY_PHASE_STRIP = NO;
				DEBUG_INFORMATION_FORMAT = dwarf;
				ENABLE_STRICT_OBJC_MSGSEND = YES;
				ENABLE_TESTABILITY = YES;
				GCC_C_LANGUAGE_STANDARD = gnu11;
				GCC_DYNAMIC_NO_PIC = NO;
				GCC_NO_COMMON_BLOCKS = YES;
				GCC_OPTIMIZATION_LEVEL = 0;
				GCC_PREPROCESSOR_DEFINITIONS = (
					"DEBUG=1",
					"$(inherited)",
				);
				GCC_WARN_64_TO_32_BIT_CONVERSION = YES;
				GCC_WARN_ABOUT_RETURN_TYPE = YES_ERROR;
				GCC_WARN_UNDECLARED_SELECTOR = YES;
				GCC_WARN_UNINITIALIZED_AUTOS = YES_AGGRESSIVE;
				GCC_WARN_UNUSED_FUNCTION = YES;
				GCC_WARN_UNUSED_VARIABLE = YES;
				IPHONEOS_DEPLOYMENT_TARGET = 13.5;
				MTL_ENABLE_DEBUG_INFO = INCLUDE_SOURCE;
				MTL_FAST_MATH = YES;
				ONLY_ACTIVE_ARCH = YES;
				SDKROOT = iphoneos;
				SWIFT_ACTIVE_COMPILATION_CONDITIONS = DEBUG;
				SWIFT_OPTIMIZATION_LEVEL = "-Onone";
			};
			name = Debug;
		};
		FA678E2025A09DBE0074658E /* Release */ = {
			isa = XCBuildConfiguration;
			buildSettings = {
				ALWAYS_SEARCH_USER_PATHS = NO;
				CLANG_ANALYZER_NONNULL = YES;
				CLANG_ANALYZER_NUMBER_OBJECT_CONVERSION = YES_AGGRESSIVE;
				CLANG_CXX_LANGUAGE_STANDARD = "gnu++14";
				CLANG_CXX_LIBRARY = "libc++";
				CLANG_ENABLE_MODULES = YES;
				CLANG_ENABLE_OBJC_ARC = YES;
				CLANG_ENABLE_OBJC_WEAK = YES;
				CLANG_WARN_BLOCK_CAPTURE_AUTORELEASING = YES;
				CLANG_WARN_BOOL_CONVERSION = YES;
				CLANG_WARN_COMMA = YES;
				CLANG_WARN_CONSTANT_CONVERSION = YES;
				CLANG_WARN_DEPRECATED_OBJC_IMPLEMENTATIONS = YES;
				CLANG_WARN_DIRECT_OBJC_ISA_USAGE = YES_ERROR;
				CLANG_WARN_DOCUMENTATION_COMMENTS = YES;
				CLANG_WARN_EMPTY_BODY = YES;
				CLANG_WARN_ENUM_CONVERSION = YES;
				CLANG_WARN_INFINITE_RECURSION = YES;
				CLANG_WARN_INT_CONVERSION = YES;
				CLANG_WARN_NON_LITERAL_NULL_CONVERSION = YES;
				CLANG_WARN_OBJC_IMPLICIT_RETAIN_SELF = YES;
				CLANG_WARN_OBJC_LITERAL_CONVERSION = YES;
				CLANG_WARN_OBJC_ROOT_CLASS = YES_ERROR;
				CLANG_WARN_RANGE_LOOP_ANALYSIS = YES;
				CLANG_WARN_STRICT_PROTOTYPES = YES;
				CLANG_WARN_SUSPICIOUS_MOVE = YES;
				CLANG_WARN_UNGUARDED_AVAILABILITY = YES_AGGRESSIVE;
				CLANG_WARN_UNREACHABLE_CODE = YES;
				CLANG_WARN__DUPLICATE_METHOD_MATCH = YES;
				COPY_PHASE_STRIP = NO;
				DEBUG_INFORMATION_FORMAT = "dwarf-with-dsym";
				ENABLE_NS_ASSERTIONS = NO;
				ENABLE_STRICT_OBJC_MSGSEND = YES;
				GCC_C_LANGUAGE_STANDARD = gnu11;
				GCC_NO_COMMON_BLOCKS = YES;
				GCC_WARN_64_TO_32_BIT_CONVERSION = YES;
				GCC_WARN_ABOUT_RETURN_TYPE = YES_ERROR;
				GCC_WARN_UNDECLARED_SELECTOR = YES;
				GCC_WARN_UNINITIALIZED_AUTOS = YES_AGGRESSIVE;
				GCC_WARN_UNUSED_FUNCTION = YES;
				GCC_WARN_UNUSED_VARIABLE = YES;
				IPHONEOS_DEPLOYMENT_TARGET = 13.5;
				MTL_ENABLE_DEBUG_INFO = NO;
				MTL_FAST_MATH = YES;
				SDKROOT = iphoneos;
				SWIFT_COMPILATION_MODE = wholemodule;
				SWIFT_OPTIMIZATION_LEVEL = "-O";
				VALIDATE_PRODUCT = YES;
			};
			name = Release;
		};
		FA678E2225A09DBE0074658E /* Debug */ = {
			isa = XCBuildConfiguration;
			baseConfigurationReference = 3B72C2CEA049F2AF0C196336 /* Pods-Instagram.debug.xcconfig */;
			buildSettings = {
				ASSETCATALOG_COMPILER_APPICON_NAME = AppIcon;
				CODE_SIGN_STYLE = Automatic;
				DEVELOPMENT_TEAM = 7PUKK4A3AZ;
				INFOPLIST_FILE = Instagram/Info.plist;
				LD_RUNPATH_SEARCH_PATHS = (
					"$(inherited)",
					"@executable_path/Frameworks",
				);
				PRODUCT_BUNDLE_IDENTIFIER = jp.techacademy.Norihiro.Nakano.Instagram;
				PRODUCT_NAME = "$(TARGET_NAME)";
				SWIFT_VERSION = 5.0;
				TARGETED_DEVICE_FAMILY = 1;
			};
			name = Debug;
		};
		FA678E2325A09DBE0074658E /* Release */ = {
			isa = XCBuildConfiguration;
			baseConfigurationReference = B2686C2EBD69AB7DD07CD3AA /* Pods-Instagram.release.xcconfig */;
			buildSettings = {
				ASSETCATALOG_COMPILER_APPICON_NAME = AppIcon;
				CODE_SIGN_STYLE = Automatic;
				DEVELOPMENT_TEAM = 7PUKK4A3AZ;
				INFOPLIST_FILE = Instagram/Info.plist;
				LD_RUNPATH_SEARCH_PATHS = (
					"$(inherited)",
					"@executable_path/Frameworks",
				);
				PRODUCT_BUNDLE_IDENTIFIER = jp.techacademy.Norihiro.Nakano.Instagram;
				PRODUCT_NAME = "$(TARGET_NAME)";
				SWIFT_VERSION = 5.0;
				TARGETED_DEVICE_FAMILY = 1;
			};
			name = Release;
		};
/* End XCBuildConfiguration section */

/* Begin XCConfigurationList section */
		FA678E0825A09DBC0074658E /* Build configuration list for PBXProject "Instagram" */ = {
			isa = XCConfigurationList;
			buildConfigurations = (
				FA678E1F25A09DBE0074658E /* Debug */,
				FA678E2025A09DBE0074658E /* Release */,
			);
			defaultConfigurationIsVisible = 0;
			defaultConfigurationName = Release;
		};
		FA678E2125A09DBE0074658E /* Build configuration list for PBXNativeTarget "Instagram" */ = {
			isa = XCConfigurationList;
			buildConfigurations = (
				FA678E2225A09DBE0074658E /* Debug */,
				FA678E2325A09DBE0074658E /* Release */,
			);
			defaultConfigurationIsVisible = 0;
			defaultConfigurationName = Release;
		};
/* End XCConfigurationList section */
	};
	rootObject = FA678E0525A09DBC0074658E /* Project object */;
}
